// !$*UTF8*$!
{
	archiveVersion = 1;
	classes = {
	};
	objectVersion = 46;
	objects = {

/* Begin PBXBuildFile section */
		3FB83F201E0A8F5500227F9A /* CadastroDesabafoViewController.swift in Sources */ = {isa = PBXBuildFile; fileRef = 3FF067151E0951C90004D23F /* CadastroDesabafoViewController.swift */; };
		3FB83F221E0A8FA500227F9A /* DesabafoDetailsViewController.swift in Sources */ = {isa = PBXBuildFile; fileRef = 3FB83F211E0A8FA500227F9A /* DesabafoDetailsViewController.swift */; };
		3FF0671A1E0951C90004D23F /* Comentario.swift in Sources */ = {isa = PBXBuildFile; fileRef = 3FF067161E0951C90004D23F /* Comentario.swift */; };
		3FF0671B1E0951C90004D23F /* Desabafo.swift in Sources */ = {isa = PBXBuildFile; fileRef = 3FF067171E0951C90004D23F /* Desabafo.swift */; };
		3FF0671C1E0951C90004D23F /* DesabafoDAO.swift in Sources */ = {isa = PBXBuildFile; fileRef = 3FF067181E0951C90004D23F /* DesabafoDAO.swift */; };
		3FF0671E1E0965F70004D23F /* ComentarioTableViewCell.swift in Sources */ = {isa = PBXBuildFile; fileRef = 3FF0671D1E0965F70004D23F /* ComentarioTableViewCell.swift */; };
		3FFF5A7E1E07EE0D002AF99A /* AppDelegate.swift in Sources */ = {isa = PBXBuildFile; fileRef = 3FFF5A7D1E07EE0D002AF99A /* AppDelegate.swift */; };
		3FFF5A801E07EE0D002AF99A /* ViewController.swift in Sources */ = {isa = PBXBuildFile; fileRef = 3FFF5A7F1E07EE0D002AF99A /* ViewController.swift */; };
		3FFF5A831E07EE0D002AF99A /* Main.storyboard in Resources */ = {isa = PBXBuildFile; fileRef = 3FFF5A811E07EE0D002AF99A /* Main.storyboard */; };
		3FFF5A861E07EE0D002AF99A /* ADefinir.xcdatamodeld in Sources */ = {isa = PBXBuildFile; fileRef = 3FFF5A841E07EE0D002AF99A /* ADefinir.xcdatamodeld */; };
		3FFF5A881E07EE0D002AF99A /* Assets.xcassets in Resources */ = {isa = PBXBuildFile; fileRef = 3FFF5A871E07EE0D002AF99A /* Assets.xcassets */; };
		3FFF5A8B1E07EE0D002AF99A /* LaunchScreen.storyboard in Resources */ = {isa = PBXBuildFile; fileRef = 3FFF5A891E07EE0D002AF99A /* LaunchScreen.storyboard */; };
		3FFF5A931E07F975002AF99A /* HomeViewController.swift in Sources */ = {isa = PBXBuildFile; fileRef = 3FFF5A921E07F975002AF99A /* HomeViewController.swift */; };
		3FFF5A951E0802A5002AF99A /* CardView.swift in Sources */ = {isa = PBXBuildFile; fileRef = 3FFF5A941E0802A5002AF99A /* CardView.swift */; };
		3FFF5A981E0804B1002AF99A /* PerfilViewController.swift in Sources */ = {isa = PBXBuildFile; fileRef = 3FFF5A971E0804B1002AF99A /* PerfilViewController.swift */; };
/* End PBXBuildFile section */

/* Begin PBXFileReference section */
		3FB83F211E0A8FA500227F9A /* DesabafoDetailsViewController.swift */ = {isa = PBXFileReference; fileEncoding = 4; lastKnownFileType = sourcecode.swift; path = DesabafoDetailsViewController.swift; sourceTree = "<group>"; };
		3FF067151E0951C90004D23F /* CadastroDesabafoViewController.swift */ = {isa = PBXFileReference; fileEncoding = 4; lastKnownFileType = sourcecode.swift; path = CadastroDesabafoViewController.swift; sourceTree = "<group>"; };
		3FF067161E0951C90004D23F /* Comentario.swift */ = {isa = PBXFileReference; fileEncoding = 4; lastKnownFileType = sourcecode.swift; path = Comentario.swift; sourceTree = "<group>"; };
		3FF067171E0951C90004D23F /* Desabafo.swift */ = {isa = PBXFileReference; fileEncoding = 4; lastKnownFileType = sourcecode.swift; path = Desabafo.swift; sourceTree = "<group>"; };
		3FF067181E0951C90004D23F /* DesabafoDAO.swift */ = {isa = PBXFileReference; fileEncoding = 4; lastKnownFileType = sourcecode.swift; path = DesabafoDAO.swift; sourceTree = "<group>"; };
		3FF0671D1E0965F70004D23F /* ComentarioTableViewCell.swift */ = {isa = PBXFileReference; fileEncoding = 4; lastKnownFileType = sourcecode.swift; path = ComentarioTableViewCell.swift; sourceTree = "<group>"; };
		3FFF5A7A1E07EE0D002AF99A /* ADefinir.app */ = {isa = PBXFileReference; explicitFileType = wrapper.application; includeInIndex = 0; path = ADefinir.app; sourceTree = BUILT_PRODUCTS_DIR; };
		3FFF5A7D1E07EE0D002AF99A /* AppDelegate.swift */ = {isa = PBXFileReference; lastKnownFileType = sourcecode.swift; path = AppDelegate.swift; sourceTree = "<group>"; };
		3FFF5A7F1E07EE0D002AF99A /* ViewController.swift */ = {isa = PBXFileReference; lastKnownFileType = sourcecode.swift; path = ViewController.swift; sourceTree = "<group>"; };
		3FFF5A821E07EE0D002AF99A /* Base */ = {isa = PBXFileReference; lastKnownFileType = file.storyboard; name = Base; path = Base.lproj/Main.storyboard; sourceTree = "<group>"; };
		3FFF5A851E07EE0D002AF99A /* ADefinir.xcdatamodel */ = {isa = PBXFileReference; lastKnownFileType = wrapper.xcdatamodel; path = ADefinir.xcdatamodel; sourceTree = "<group>"; };
		3FFF5A871E07EE0D002AF99A /* Assets.xcassets */ = {isa = PBXFileReference; lastKnownFileType = folder.assetcatalog; path = Assets.xcassets; sourceTree = "<group>"; };
		3FFF5A8A1E07EE0D002AF99A /* Base */ = {isa = PBXFileReference; lastKnownFileType = file.storyboard; name = Base; path = Base.lproj/LaunchScreen.storyboard; sourceTree = "<group>"; };
		3FFF5A8C1E07EE0D002AF99A /* Info.plist */ = {isa = PBXFileReference; lastKnownFileType = text.plist.xml; path = Info.plist; sourceTree = "<group>"; };
		3FFF5A921E07F975002AF99A /* HomeViewController.swift */ = {isa = PBXFileReference; fileEncoding = 4; lastKnownFileType = sourcecode.swift; path = HomeViewController.swift; sourceTree = "<group>"; };
		3FFF5A941E0802A5002AF99A /* CardView.swift */ = {isa = PBXFileReference; fileEncoding = 4; lastKnownFileType = sourcecode.swift; path = CardView.swift; sourceTree = "<group>"; };
		3FFF5A971E0804B1002AF99A /* PerfilViewController.swift */ = {isa = PBXFileReference; fileEncoding = 4; lastKnownFileType = sourcecode.swift; path = PerfilViewController.swift; sourceTree = "<group>"; };
/* End PBXFileReference section */

/* Begin PBXFrameworksBuildPhase section */
		3FFF5A771E07EE0D002AF99A /* Frameworks */ = {
			isa = PBXFrameworksBuildPhase;
			buildActionMask = 2147483647;
			files = (
			);
			runOnlyForDeploymentPostprocessing = 0;
		};
/* End PBXFrameworksBuildPhase section */

/* Begin PBXGroup section */
		3FFF5A711E07EE0D002AF99A = {
			isa = PBXGroup;
			children = (
				3FFF5A7C1E07EE0D002AF99A /* ADefinir */,
				3FFF5A7B1E07EE0D002AF99A /* Products */,
			);
			sourceTree = "<group>";
		};
		3FFF5A7B1E07EE0D002AF99A /* Products */ = {
			isa = PBXGroup;
			children = (
				3FFF5A7A1E07EE0D002AF99A /* ADefinir.app */,
			);
			name = Products;
			sourceTree = "<group>";
		};
		3FFF5A7C1E07EE0D002AF99A /* ADefinir */ = {
			isa = PBXGroup;
			children = (
				3FB83F211E0A8FA500227F9A /* DesabafoDetailsViewController.swift */,
				3FF067151E0951C90004D23F /* CadastroDesabafoViewController.swift */,
				3FF067161E0951C90004D23F /* Comentario.swift */,
				3FF067171E0951C90004D23F /* Desabafo.swift */,
				3FF067181E0951C90004D23F /* DesabafoDAO.swift */,
				3FFF5A7D1E07EE0D002AF99A /* AppDelegate.swift */,
				3FFF5A7F1E07EE0D002AF99A /* ViewController.swift */,
				3FFF5A811E07EE0D002AF99A /* Main.storyboard */,
				3FFF5A941E0802A5002AF99A /* CardView.swift */,
				3FFF5A971E0804B1002AF99A /* PerfilViewController.swift */,
				3FFF5A921E07F975002AF99A /* HomeViewController.swift */,
				3FFF5A871E07EE0D002AF99A /* Assets.xcassets */,
				3FFF5A891E07EE0D002AF99A /* LaunchScreen.storyboard */,
				3FFF5A8C1E07EE0D002AF99A /* Info.plist */,
				3FFF5A841E07EE0D002AF99A /* ADefinir.xcdatamodeld */,
				3FF0671D1E0965F70004D23F /* ComentarioTableViewCell.swift */,
			);
			path = ADefinir;
			sourceTree = "<group>";
		};
/* End PBXGroup section */

/* Begin PBXNativeTarget section */
		3FFF5A791E07EE0D002AF99A /* ADefinir */ = {
			isa = PBXNativeTarget;
			buildConfigurationList = 3FFF5A8F1E07EE0D002AF99A /* Build configuration list for PBXNativeTarget "ADefinir" */;
			buildPhases = (
				3FFF5A761E07EE0D002AF99A /* Sources */,
				3FFF5A771E07EE0D002AF99A /* Frameworks */,
				3FFF5A781E07EE0D002AF99A /* Resources */,
			);
			buildRules = (
			);
			dependencies = (
			);
			name = ADefinir;
			productName = ADefinir;
			productReference = 3FFF5A7A1E07EE0D002AF99A /* ADefinir.app */;
			productType = "com.apple.product-type.application";
		};
/* End PBXNativeTarget section */

/* Begin PBXProject section */
		3FFF5A721E07EE0D002AF99A /* Project object */ = {
			isa = PBXProject;
			attributes = {
				LastSwiftUpdateCheck = 0730;
				LastUpgradeCheck = 0730;
				ORGANIZATIONNAME = "LuizMai & CesarBernabe";
				TargetAttributes = {
					3FFF5A791E07EE0D002AF99A = {
						CreatedOnToolsVersion = 7.3.1;
					};
				};
			};
			buildConfigurationList = 3FFF5A751E07EE0D002AF99A /* Build configuration list for PBXProject "ADefinir" */;
			compatibilityVersion = "Xcode 3.2";
			developmentRegion = English;
			hasScannedForEncodings = 0;
			knownRegions = (
				en,
				Base,
			);
			mainGroup = 3FFF5A711E07EE0D002AF99A;
			productRefGroup = 3FFF5A7B1E07EE0D002AF99A /* Products */;
			projectDirPath = "";
			projectRoot = "";
			targets = (
				3FFF5A791E07EE0D002AF99A /* ADefinir */,
			);
		};
/* End PBXProject section */

/* Begin PBXResourcesBuildPhase section */
		3FFF5A781E07EE0D002AF99A /* Resources */ = {
			isa = PBXResourcesBuildPhase;
			buildActionMask = 2147483647;
			files = (
				3FFF5A8B1E07EE0D002AF99A /* LaunchScreen.storyboard in Resources */,
				3FFF5A881E07EE0D002AF99A /* Assets.xcassets in Resources */,
				3FFF5A831E07EE0D002AF99A /* Main.storyboard in Resources */,
			);
			runOnlyForDeploymentPostprocessing = 0;
		};
/* End PBXResourcesBuildPhase section */

/* Begin PBXSourcesBuildPhase section */
		3FFF5A761E07EE0D002AF99A /* Sources */ = {
			isa = PBXSourcesBuildPhase;
			buildActionMask = 2147483647;
			files = (
				3FB83F201E0A8F5500227F9A /* CadastroDesabafoViewController.swift in Sources */,
				3FF0671B1E0951C90004D23F /* Desabafo.swift in Sources */,
				3FF0671C1E0951C90004D23F /* DesabafoDAO.swift in Sources */,
				3FFF5A981E0804B1002AF99A /* PerfilViewController.swift in Sources */,
				3FFF5A801E07EE0D002AF99A /* ViewController.swift in Sources */,
				3FFF5A861E07EE0D002AF99A /* ADefinir.xcdatamodeld in Sources */,
				3FF0671A1E0951C90004D23F /* Comentario.swift in Sources */,
				3FF0671E1E0965F70004D23F /* ComentarioTableViewCell.swift in Sources */,
				3FFF5A7E1E07EE0D002AF99A /* AppDelegate.swift in Sources */,
				3FB83F221E0A8FA500227F9A /* DesabafoDetailsViewController.swift in Sources */,
				3FFF5A931E07F975002AF99A /* HomeViewController.swift in Sources */,
				3FFF5A951E0802A5002AF99A /* CardView.swift in Sources */,
			);
			runOnlyForDeploymentPostprocessing = 0;
		};
/* End PBXSourcesBuildPhase section */

/* Begin PBXVariantGroup section */
		3FFF5A811E07EE0D002AF99A /* Main.storyboard */ = {
			isa = PBXVariantGroup;
			children = (
				3FFF5A821E07EE0D002AF99A /* Base */,
			);
			name = Main.storyboard;
			sourceTree = "<group>";
		};
		3FFF5A891E07EE0D002AF99A /* LaunchScreen.storyboard */ = {
			isa = PBXVariantGroup;
			children = (
				3FFF5A8A1E07EE0D002AF99A /* Base */,
			);
			name = LaunchScreen.storyboard;
			sourceTree = "<group>";
		};
/* End PBXVariantGroup section */

/* Begin XCBuildConfiguration section */
		3FFF5A8D1E07EE0D002AF99A /* Debug */ = {
			isa = XCBuildConfiguration;
			buildSettings = {
				ALWAYS_SEARCH_USER_PATHS = NO;
				CLANG_ANALYZER_NONNULL = YES;
				CLANG_CXX_LANGUAGE_STANDARD = "gnu++0x";
				CLANG_CXX_LIBRARY = "libc++";
				CLANG_ENABLE_MODULES = YES;
				CLANG_ENABLE_OBJC_ARC = YES;
				CLANG_WARN_BOOL_CONVERSION = YES;
				CLANG_WARN_CONSTANT_CONVERSION = YES;
				CLANG_WARN_DIRECT_OBJC_ISA_USAGE = YES_ERROR;
				CLANG_WARN_EMPTY_BODY = YES;
				CLANG_WARN_ENUM_CONVERSION = YES;
				CLANG_WARN_INT_CONVERSION = YES;
				CLANG_WARN_OBJC_ROOT_CLASS = YES_ERROR;
				CLANG_WARN_UNREACHABLE_CODE = YES;
				CLANG_WARN__DUPLICATE_METHOD_MATCH = YES;
				"CODE_SIGN_IDENTITY[sdk=iphoneos*]" = "iPhone Developer";
				COPY_PHASE_STRIP = NO;
				DEBUG_INFORMATION_FORMAT = dwarf;
				ENABLE_STRICT_OBJC_MSGSEND = YES;
				ENABLE_TESTABILITY = YES;
				GCC_C_LANGUAGE_STANDARD = gnu99;
				GCC_DYNAMIC_NO_PIC = NO;
				GCC_NO_COMMON_BLOCKS = YES;
				GCC_OPTIMIZATION_LEVEL = 0;
				GCC_PREPROCESSOR_DEFINITIONS = (
					"DEBUG=1",
					"$(inherited)",
				);
				GCC_WARN_64_TO_32_BIT_CONVERSION = YES;
				GCC_WARN_ABOUT_RETURN_TYPE = YES_ERROR;
				GCC_WARN_UNDECLARED_SELECTOR = YES;
				GCC_WARN_UNINITIALIZED_AUTOS = YES_AGGRESSIVE;
				GCC_WARN_UNUSED_FUNCTION = YES;
				GCC_WARN_UNUSED_VARIABLE = YES;
				IPHONEOS_DEPLOYMENT_TARGET = 9.3;
				MTL_ENABLE_DEBUG_INFO = YES;
				ONLY_ACTIVE_ARCH = YES;
				SDKROOT = iphoneos;
				SWIFT_OPTIMIZATION_LEVEL = "-Onone";
				TARGETED_DEVICE_FAMILY = "1,2";
			};
			name = Debug;
		};
		3FFF5A8E1E07EE0D002AF99A /* Release */ = {
			isa = XCBuildConfiguration;
			buildSettings = {
				ALWAYS_SEARCH_USER_PATHS = NO;
				CLANG_ANALYZER_NONNULL = YES;
				CLANG_CXX_LANGUAGE_STANDARD = "gnu++0x";
				CLANG_CXX_LIBRARY = "libc++";
				CLANG_ENABLE_MODULES = YES;
				CLANG_ENABLE_OBJC_ARC = YES;
				CLANG_WARN_BOOL_CONVERSION = YES;
				CLANG_WARN_CONSTANT_CONVERSION = YES;
				CLANG_WARN_DIRECT_OBJC_ISA_USAGE = YES_ERROR;
				CLANG_WARN_EMPTY_BODY = YES;
				CLANG_WARN_ENUM_CONVERSION = YES;
				CLANG_WARN_INT_CONVERSION = YES;
				CLANG_WARN_OBJC_ROOT_CLASS = YES_ERROR;
				CLANG_WARN_UNREACHABLE_CODE = YES;
				CLANG_WARN__DUPLICATE_METHOD_MATCH = YES;
				"CODE_SIGN_IDENTITY[sdk=iphoneos*]" = "iPhone Developer";
				COPY_PHASE_STRIP = NO;
				DEBUG_INFORMATION_FORMAT = "dwarf-with-dsym";
				ENABLE_NS_ASSERTIONS = NO;
				ENABLE_STRICT_OBJC_MSGSEND = YES;
				GCC_C_LANGUAGE_STANDARD = gnu99;
				GCC_NO_COMMON_BLOCKS = YES;
				GCC_WARN_64_TO_32_BIT_CONVERSION = YES;
				GCC_WARN_ABOUT_RETURN_TYPE = YES_ERROR;
				GCC_WARN_UNDECLARED_SELECTOR = YES;
				GCC_WARN_UNINITIALIZED_AUTOS = YES_AGGRESSIVE;
				GCC_WARN_UNUSED_FUNCTION = YES;
				GCC_WARN_UNUSED_VARIABLE = YES;
				IPHONEOS_DEPLOYMENT_TARGET = 9.3;
				MTL_ENABLE_DEBUG_INFO = NO;
				SDKROOT = iphoneos;
				TARGETED_DEVICE_FAMILY = "1,2";
				VALIDATE_PRODUCT = YES;
			};
			name = Release;
		};
		3FFF5A901E07EE0D002AF99A /* Debug */ = {
			isa = XCBuildConfiguration;
			buildSettings = {
				ASSETCATALOG_COMPILER_APPICON_NAME = AppIcon;
				INFOPLIST_FILE = ADefinir/Info.plist;
				LD_RUNPATH_SEARCH_PATHS = "$(inherited) @executable_path/Frameworks";
				PRODUCT_BUNDLE_IDENTIFIER = br.com.luizcesar.ADefinir;
				PRODUCT_NAME = "$(TARGET_NAME)";
			};
			name = Debug;
		};
		3FFF5A911E07EE0D002AF99A /* Release */ = {
			isa = XCBuildConfiguration;
			buildSettings = {
				ASSETCATALOG_COMPILER_APPICON_NAME = AppIcon;
				INFOPLIST_FILE = ADefinir/Info.plist;
				LD_RUNPATH_SEARCH_PATHS = "$(inherited) @executable_path/Frameworks";
				PRODUCT_BUNDLE_IDENTIFIER = br.com.luizcesar.ADefinir;
				PRODUCT_NAME = "$(TARGET_NAME)";
			};
			name = Release;
		};
/* End XCBuildConfiguration section */

/* Begin XCConfigurationList section */
		3FFF5A751E07EE0D002AF99A /* Build configuration list for PBXProject "ADefinir" */ = {
			isa = XCConfigurationList;
			buildConfigurations = (
				3FFF5A8D1E07EE0D002AF99A /* Debug */,
				3FFF5A8E1E07EE0D002AF99A /* Release */,
			);
			defaultConfigurationIsVisible = 0;
			defaultConfigurationName = Release;
		};
		3FFF5A8F1E07EE0D002AF99A /* Build configuration list for PBXNativeTarget "ADefinir" */ = {
			isa = XCConfigurationList;
			buildConfigurations = (
				3FFF5A901E07EE0D002AF99A /* Debug */,
				3FFF5A911E07EE0D002AF99A /* Release */,
			);
			defaultConfigurationIsVisible = 0;
			defaultConfigurationName = Release;
		};
/* End XCConfigurationList section */

/* Begin XCVersionGroup section */
		3FFF5A841E07EE0D002AF99A /* ADefinir.xcdatamodeld */ = {
			isa = XCVersionGroup;
			children = (
				3FFF5A851E07EE0D002AF99A /* ADefinir.xcdatamodel */,
			);
			currentVersion = 3FFF5A851E07EE0D002AF99A /* ADefinir.xcdatamodel */;
			path = ADefinir.xcdatamodeld;
			sourceTree = "<group>";
			versionGroupType = wrapper.xcdatamodel;
		};
/* End XCVersionGroup section */
	};
	rootObject = 3FFF5A721E07EE0D002AF99A /* Project object */;
}
